
Microsoft Visual Studio Solution File, Format Version 12.00
# Visual Studio Version 17
VisualStudioVersion = 17.1.32210.238
MinimumVisualStudioVersion = 10.0.40219.1
Project("{FAE04EC0-301F-11D3-BF4B-00C04F79EFBC}") = "Uppgift 3.15", "Uppgift 3.15\Uppgift 3.15.csproj", "{81AEBB19-B5D1-46ED-846F-94D0F5A331E3}"
EndProject
Global
	GlobalSection(SolutionConfigurationPlatforms) = preSolution
		Debug|Any CPU = Debug|Any CPU
		Release|Any CPU = Release|Any CPU
	EndGlobalSection
	GlobalSection(ProjectConfigurationPlatforms) = postSolution
		{81AEBB19-B5D1-46ED-846F-94D0F5A331E3}.Debug|Any CPU.ActiveCfg = Debug|Any CPU
		{81AEBB19-B5D1-46ED-846F-94D0F5A331E3}.Debug|Any CPU.Build.0 = Debug|Any CPU
		{81AEBB19-B5D1-46ED-846F-94D0F5A331E3}.Release|Any CPU.ActiveCfg = Release|Any CPU
		{81AEBB19-B5D1-46ED-846F-94D0F5A331E3}.Release|Any CPU.Build.0 = Release|Any CPU
	EndGlobalSection
	GlobalSection(SolutionProperties) = preSolution
		HideSolutionNode = FALSE
	EndGlobalSection
	GlobalSection(ExtensibilityGlobals) = postSolution
		SolutionGuid = {57F0E4A5-402F-4899-BA62-CD68F0F5290C}
	EndGlobalSection
EndGlobal
